
Microsoft Visual Studio Solution File, Format Version 12.00
# Visual Studio 2013
VisualStudioVersion = 12.0.21005.1
MinimumVisualStudioVersion = 10.0.40219.1
Project("{E24C65DC-7377-472B-9ABA-BC803B73C61A}") = "gongchengshijian", "http://localhost:27783", "{2A505518-0FC5-4085-A16D-E0FB1EC495A6}"
	ProjectSection(WebsiteProperties) = preProject
		UseIISExpress = "true"
		TargetFrameworkMoniker = ".NETFramework,Version%3Dv4.5"
		Debug.AspNetCompiler.VirtualPath = "/localhost_27783"
		Debug.AspNetCompiler.PhysicalPath = "F:\Dr.Zhou\GitHubResource\gongchengshijian\gongchengshijian\"
		Debug.AspNetCompiler.TargetPath = "PrecompiledWeb\localhost_27783\"
		Debug.AspNetCompiler.Updateable = "true"
		Debug.AspNetCompiler.ForceOverwrite = "true"
		Debug.AspNetCompiler.FixedNames = "false"
		Debug.AspNetCompiler.Debug = "True"
		Release.AspNetCompiler.VirtualPath = "/localhost_27783"
		Release.AspNetCompiler.PhysicalPath = "F:\Dr.Zhou\GitHubResource\gongchengshijian\gongchengshijian\"
		Release.AspNetCompiler.TargetPath = "PrecompiledWeb\localhost_27783\"
		Release.AspNetCompiler.Updateable = "true"
		Release.AspNetCompiler.ForceOverwrite = "true"
		Release.AspNetCompiler.FixedNames = "false"
		Release.AspNetCompiler.Debug = "False"
		SlnRelativePath = "F:\Dr.Zhou\GitHubResource\gongchengshijian\gongchengshijian\"
	EndProjectSection
EndProject
Global
	GlobalSection(SolutionConfigurationPlatforms) = preSolution
		Debug|Any CPU = Debug|Any CPU
	EndGlobalSection
	GlobalSection(ProjectConfigurationPlatforms) = postSolution
		{2A505518-0FC5-4085-A16D-E0FB1EC495A6}.Debug|Any CPU.ActiveCfg = Debug|Any CPU
		{2A505518-0FC5-4085-A16D-E0FB1EC495A6}.Debug|Any CPU.Build.0 = Debug|Any CPU
	EndGlobalSection
	GlobalSection(SolutionProperties) = preSolution
		HideSolutionNode = FALSE
	EndGlobalSection
EndGlobal
